
Microsoft Visual Studio Solution File, Format Version 12.00
# Visual Studio Version 17
VisualStudioVersion = 17.0.32014.148
MinimumVisualStudioVersion = 10.0.40219.1
Project("{FAE04EC0-301F-11D3-BF4B-00C04F79EFBC}") = "Calculator", "Calculator\Calculator.csproj", "{4D2D9C99-0B48-447C-AE51-9EA361B4CF38}"
EndProject
Project("{FAE04EC0-301F-11D3-BF4B-00C04F79EFBC}") = "Calculator.Tests", "Calculator.Tests\Calculator.Tests.csproj", "{81015762-DA85-4074-B1FC-55F3826A8B45}"
EndProject
Global
	GlobalSection(SolutionConfigurationPlatforms) = preSolution
		Debug|Any CPU = Debug|Any CPU
		Release|Any CPU = Release|Any CPU
	EndGlobalSection
	GlobalSection(ProjectConfigurationPlatforms) = postSolution
		{4D2D9C99-0B48-447C-AE51-9EA361B4CF38}.Debug|Any CPU.ActiveCfg = Debug|Any CPU
		{4D2D9C99-0B48-447C-AE51-9EA361B4CF38}.Debug|Any CPU.Build.0 = Debug|Any CPU
		{4D2D9C99-0B48-447C-AE51-9EA361B4CF38}.Release|Any CPU.ActiveCfg = Release|Any CPU
		{4D2D9C99-0B48-447C-AE51-9EA361B4CF38}.Release|Any CPU.Build.0 = Release|Any CPU
		{81015762-DA85-4074-B1FC-55F3826A8B45}.Debug|Any CPU.ActiveCfg = Debug|Any CPU
		{81015762-DA85-4074-B1FC-55F3826A8B45}.Debug|Any CPU.Build.0 = Debug|Any CPU
		{81015762-DA85-4074-B1FC-55F3826A8B45}.Release|Any CPU.ActiveCfg = Release|Any CPU
		{81015762-DA85-4074-B1FC-55F3826A8B45}.Release|Any CPU.Build.0 = Release|Any CPU
	EndGlobalSection
	GlobalSection(SolutionProperties) = preSolution
		HideSolutionNode = FALSE
	EndGlobalSection
	GlobalSection(ExtensibilityGlobals) = postSolution
		SolutionGuid = {6074269E-9F15-4444-9AC8-C2A597435995}
	EndGlobalSection
EndGlobal
